
Microsoft Visual Studio Solution File, Format Version 12.00
# Visual Studio Version 16
VisualStudioVersion = 16.0.33529.622
MinimumVisualStudioVersion = 10.0.40219.1
Project("{9A19103F-16F7-4668-BE54-9A1E7A4F7556}") = "labclothingcollection", "labclothingcollection.csproj", "{01CC9EA7-89CD-42A4-BF37-D0872D3949FB}"
EndProject
Global
	GlobalSection(SolutionConfigurationPlatforms) = preSolution
		Debug|Any CPU = Debug|Any CPU
		Release|Any CPU = Release|Any CPU
	EndGlobalSection
	GlobalSection(ProjectConfigurationPlatforms) = postSolution
		{01CC9EA7-89CD-42A4-BF37-D0872D3949FB}.Debug|Any CPU.ActiveCfg = Debug|Any CPU
		{01CC9EA7-89CD-42A4-BF37-D0872D3949FB}.Debug|Any CPU.Build.0 = Debug|Any CPU
		{01CC9EA7-89CD-42A4-BF37-D0872D3949FB}.Release|Any CPU.ActiveCfg = Release|Any CPU
		{01CC9EA7-89CD-42A4-BF37-D0872D3949FB}.Release|Any CPU.Build.0 = Release|Any CPU
	EndGlobalSection
	GlobalSection(SolutionProperties) = preSolution
		HideSolutionNode = FALSE
	EndGlobalSection
	GlobalSection(ExtensibilityGlobals) = postSolution
		SolutionGuid = {B4D5498C-1444-463F-8C16-D555352FE361}
	EndGlobalSection
EndGlobal
